// !$*UTF8*$!
{
	archiveVersion = 1;
	classes = {
	};
	objectVersion = 50;
	objects = {

/* Begin PBXBuildFile section */
		BBA766AD20927CE200815BED /* AppDelegate.swift in Sources */ = {isa = PBXBuildFile; fileRef = BBA766AC20927CE200815BED /* AppDelegate.swift */; };
		BBA766AF20927CE200815BED /* ViewController.swift in Sources */ = {isa = PBXBuildFile; fileRef = BBA766AE20927CE200815BED /* ViewController.swift */; };
		BBA766B220927CE200815BED /* Main.storyboard in Resources */ = {isa = PBXBuildFile; fileRef = BBA766B020927CE200815BED /* Main.storyboard */; };
		BBA766B420927CE400815BED /* Assets.xcassets in Resources */ = {isa = PBXBuildFile; fileRef = BBA766B320927CE400815BED /* Assets.xcassets */; };
		BBA766B720927CE400815BED /* LaunchScreen.storyboard in Resources */ = {isa = PBXBuildFile; fileRef = BBA766B520927CE400815BED /* LaunchScreen.storyboard */; };
		BBA766C020927D0B00815BED /* DynamicFoo.framework in Frameworks */ = {isa = PBXBuildFile; fileRef = BBA766BF20927D0B00815BED /* DynamicFoo.framework */; };
		BBA766C220927D1500815BED /* DynamicFoo.framework in Embed Frameworks */ = {isa = PBXBuildFile; fileRef = BBA766BF20927D0B00815BED /* DynamicFoo.framework */; settings = {ATTRIBUTES = (CodeSignOnCopy, RemoveHeadersOnCopy, ); }; };
		BBA766C72092839800815BED /* Bar.m in Sources */ = {isa = PBXBuildFile; fileRef = BBA766C62092839800815BED /* Bar.m */; };
/* End PBXBuildFile section */

/* Begin PBXCopyFilesBuildPhase section */
		BBA766C320927D1500815BED /* Embed Frameworks */ = {
			isa = PBXCopyFilesBuildPhase;
			buildActionMask = 2147483647;
			dstPath = "";
			dstSubfolderSpec = 10;
			files = (
				BBA766C220927D1500815BED /* DynamicFoo.framework in Embed Frameworks */,
			);
			name = "Embed Frameworks";
			runOnlyForDeploymentPostprocessing = 0;
		};
/* End PBXCopyFilesBuildPhase section */

/* Begin PBXFileReference section */
		BBA766A920927CE200815BED /* FooConsumer.app */ = {isa = PBXFileReference; explicitFileType = wrapper.application; includeInIndex = 0; path = FooConsumer.app; sourceTree = BUILT_PRODUCTS_DIR; };
		BBA766AC20927CE200815BED /* AppDelegate.swift */ = {isa = PBXFileReference; lastKnownFileType = sourcecode.swift; path = AppDelegate.swift; sourceTree = "<group>"; };
		BBA766AE20927CE200815BED /* ViewController.swift */ = {isa = PBXFileReference; lastKnownFileType = sourcecode.swift; path = ViewController.swift; sourceTree = "<group>"; };
		BBA766B120927CE200815BED /* Base */ = {isa = PBXFileReference; lastKnownFileType = file.storyboard; name = Base; path = Base.lproj/Main.storyboard; sourceTree = "<group>"; };
		BBA766B320927CE400815BED /* Assets.xcassets */ = {isa = PBXFileReference; lastKnownFileType = folder.assetcatalog; path = Assets.xcassets; sourceTree = "<group>"; };
		BBA766B620927CE400815BED /* Base */ = {isa = PBXFileReference; lastKnownFileType = file.storyboard; name = Base; path = Base.lproj/LaunchScreen.storyboard; sourceTree = "<group>"; };
		BBA766B820927CE400815BED /* Info.plist */ = {isa = PBXFileReference; lastKnownFileType = text.plist.xml; path = Info.plist; sourceTree = "<group>"; };
		BBA766BF20927D0B00815BED /* DynamicFoo.framework */ = {isa = PBXFileReference; lastKnownFileType = wrapper.framework; name = DynamicFoo.framework; path = ../../../DynamicFoo.framework; sourceTree = "<group>"; };
		BBA766C42092839800815BED /* FooConsumer-Bridging-Header.h */ = {isa = PBXFileReference; lastKnownFileType = sourcecode.c.h; path = "FooConsumer-Bridging-Header.h"; sourceTree = "<group>"; };
		BBA766C52092839800815BED /* Bar.h */ = {isa = PBXFileReference; lastKnownFileType = sourcecode.c.h; name = Bar.h; path = FooConsumer/Bar.h; sourceTree = SOURCE_ROOT; };
		BBA766C62092839800815BED /* Bar.m */ = {isa = PBXFileReference; lastKnownFileType = sourcecode.c.objc; name = Bar.m; path = FooConsumer/Bar.m; sourceTree = SOURCE_ROOT; };
/* End PBXFileReference section */

/* Begin PBXFrameworksBuildPhase section */
		BBA766A620927CE200815BED /* Frameworks */ = {
			isa = PBXFrameworksBuildPhase;
			buildActionMask = 2147483647;
			files = (
				BBA766C020927D0B00815BED /* DynamicFoo.framework in Frameworks */,
			);
			runOnlyForDeploymentPostprocessing = 0;
		};
/* End PBXFrameworksBuildPhase section */

/* Begin PBXGroup section */
		BBA766A020927CE200815BED = {
			isa = PBXGroup;
			children = (
				BBA766AB20927CE200815BED /* FooConsumer */,
				BBA766AA20927CE200815BED /* Products */,
			);
			sourceTree = "<group>";
		};
		BBA766AA20927CE200815BED /* Products */ = {
			isa = PBXGroup;
			children = (
				BBA766A920927CE200815BED /* FooConsumer.app */,
			);
			name = Products;
			sourceTree = "<group>";
		};
		BBA766AB20927CE200815BED /* FooConsumer */ = {
			isa = PBXGroup;
			children = (
				BBA766BE20927CFE00815BED /* Frameworks */,
				BBA766AC20927CE200815BED /* AppDelegate.swift */,
				BBA766AE20927CE200815BED /* ViewController.swift */,
				BBA766B020927CE200815BED /* Main.storyboard */,
				BBA766B320927CE400815BED /* Assets.xcassets */,
				BBA766B520927CE400815BED /* LaunchScreen.storyboard */,
				BBA766B820927CE400815BED /* Info.plist */,
			);
			path = FooConsumer;
			sourceTree = "<group>";
		};
		BBA766BE20927CFE00815BED /* Frameworks */ = {
			isa = PBXGroup;
			children = (
				BBA766BF20927D0B00815BED /* DynamicFoo.framework */,
				BBA766C52092839800815BED /* Bar.h */,
				BBA766C62092839800815BED /* Bar.m */,
				BBA766C42092839800815BED /* FooConsumer-Bridging-Header.h */,
			);
			path = Frameworks;
			sourceTree = "<group>";
		};
/* End PBXGroup section */

/* Begin PBXNativeTarget section */
		BBA766A820927CE200815BED /* FooConsumer */ = {
			isa = PBXNativeTarget;
			buildConfigurationList = BBA766BB20927CE400815BED /* Build configuration list for PBXNativeTarget "FooConsumer" */;
			buildPhases = (
				BBA766A520927CE200815BED /* Sources */,
				BBA766A620927CE200815BED /* Frameworks */,
				BBA766A720927CE200815BED /* Resources */,
				BBA766C320927D1500815BED /* Embed Frameworks */,
			);
			buildRules = (
			);
			dependencies = (
			);
			name = FooConsumer;
			productName = FooConsumer;
			productReference = BBA766A920927CE200815BED /* FooConsumer.app */;
			productType = "com.apple.product-type.application";
		};
/* End PBXNativeTarget section */

/* Begin PBXProject section */
		BBA766A120927CE200815BED /* Project object */ = {
			isa = PBXProject;
			attributes = {
				LastSwiftUpdateCheck = 0930;
				LastUpgradeCheck = 0930;
				ORGANIZATIONNAME = "David Wagner";
				TargetAttributes = {
					BBA766A820927CE200815BED = {
						CreatedOnToolsVersion = 9.3;
						LastSwiftMigration = 0930;
					};
				};
			};
			buildConfigurationList = BBA766A420927CE200815BED /* Build configuration list for PBXProject "FooConsumer" */;
			compatibilityVersion = "Xcode 9.3";
			developmentRegion = en;
			hasScannedForEncodings = 0;
			knownRegions = (
				en,
				Base,
			);
			mainGroup = BBA766A020927CE200815BED;
			productRefGroup = BBA766AA20927CE200815BED /* Products */;
			projectDirPath = "";
			projectRoot = "";
			targets = (
				BBA766A820927CE200815BED /* FooConsumer */,
			);
		};
/* End PBXProject section */

/* Begin PBXResourcesBuildPhase section */
		BBA766A720927CE200815BED /* Resources */ = {
			isa = PBXResourcesBuildPhase;
			buildActionMask = 2147483647;
			files = (
				BBA766B720927CE400815BED /* LaunchScreen.storyboard in Resources */,
				BBA766B420927CE400815BED /* Assets.xcassets in Resources */,
				BBA766B220927CE200815BED /* Main.storyboard in Resources */,
			);
			runOnlyForDeploymentPostprocessing = 0;
		};
/* End PBXResourcesBuildPhase section */

/* Begin PBXSourcesBuildPhase section */
		BBA766A520927CE200815BED /* Sources */ = {
			isa = PBXSourcesBuildPhase;
			buildActionMask = 2147483647;
			files = (
				BBA766C72092839800815BED /* Bar.m in Sources */,
				BBA766AF20927CE200815BED /* ViewController.swift in Sources */,
				BBA766AD20927CE200815BED /* AppDelegate.swift in Sources */,
			);
			runOnlyForDeploymentPostprocessing = 0;
		};
/* End PBXSourcesBuildPhase section */

/* Begin PBXVariantGroup section */
		BBA766B020927CE200815BED /* Main.storyboard */ = {
			isa = PBXVariantGroup;
			children = (
				BBA766B120927CE200815BED /* Base */,
			);
			name = Main.storyboard;
			sourceTree = "<group>";
		};
		BBA766B520927CE400815BED /* LaunchScreen.storyboard */ = {
			isa = PBXVariantGroup;
			children = (
				BBA766B620927CE400815BED /* Base */,
			);
			name = LaunchScreen.storyboard;
			sourceTree = "<group>";
		};
/* End PBXVariantGroup section */

/* Begin XCBuildConfiguration section */
		BBA766B920927CE400815BED /* Debug */ = {
			isa = XCBuildConfiguration;
			buildSettings = {
				ALWAYS_SEARCH_USER_PATHS = NO;
				CLANG_ANALYZER_NONNULL = YES;
				CLANG_ANALYZER_NUMBER_OBJECT_CONVERSION = YES_AGGRESSIVE;
				CLANG_CXX_LANGUAGE_STANDARD = "gnu++14";
				CLANG_CXX_LIBRARY = "libc++";
				CLANG_ENABLE_MODULES = YES;
				CLANG_ENABLE_OBJC_ARC = YES;
				CLANG_ENABLE_OBJC_WEAK = YES;
				CLANG_WARN_BLOCK_CAPTURE_AUTORELEASING = YES;
				CLANG_WARN_BOOL_CONVERSION = YES;
				CLANG_WARN_COMMA = YES;
				CLANG_WARN_CONSTANT_CONVERSION = YES;
				CLANG_WARN_DEPRECATED_OBJC_IMPLEMENTATIONS = YES;
				CLANG_WARN_DIRECT_OBJC_ISA_USAGE = YES_ERROR;
				CLANG_WARN_DOCUMENTATION_COMMENTS = YES;
				CLANG_WARN_EMPTY_BODY = YES;
				CLANG_WARN_ENUM_CONVERSION = YES;
				CLANG_WARN_INFINITE_RECURSION = YES;
				CLANG_WARN_INT_CONVERSION = YES;
				CLANG_WARN_NON_LITERAL_NULL_CONVERSION = YES;
				CLANG_WARN_OBJC_IMPLICIT_RETAIN_SELF = YES;
				CLANG_WARN_OBJC_LITERAL_CONVERSION = YES;
				CLANG_WARN_OBJC_ROOT_CLASS = YES_ERROR;
				CLANG_WARN_RANGE_LOOP_ANALYSIS = YES;
				CLANG_WARN_STRICT_PROTOTYPES = YES;
				CLANG_WARN_SUSPICIOUS_MOVE = YES;
				CLANG_WARN_UNGUARDED_AVAILABILITY = YES_AGGRESSIVE;
				CLANG_WARN_UNREACHABLE_CODE = YES;
				CLANG_WARN__DUPLICATE_METHOD_MATCH = YES;
				CODE_SIGN_IDENTITY = "iPhone Developer";
				COPY_PHASE_STRIP = NO;
				DEBUG_INFORMATION_FORMAT = dwarf;
				ENABLE_STRICT_OBJC_MSGSEND = YES;
				ENABLE_TESTABILITY = YES;
				GCC_C_LANGUAGE_STANDARD = gnu11;
				GCC_DYNAMIC_NO_PIC = NO;
				GCC_NO_COMMON_BLOCKS = YES;
				GCC_OPTIMIZATION_LEVEL = 0;
				GCC_PREPROCESSOR_DEFINITIONS = (
					"DEBUG=1",
					"$(inherited)",
				);
				GCC_WARN_64_TO_32_BIT_CONVERSION = YES;
				GCC_WARN_ABOUT_RETURN_TYPE = YES_ERROR;
				GCC_WARN_UNDECLARED_SELECTOR = YES;
				GCC_WARN_UNINITIALIZED_AUTOS = YES_AGGRESSIVE;
				GCC_WARN_UNUSED_FUNCTION = YES;
				GCC_WARN_UNUSED_VARIABLE = YES;
				IPHONEOS_DEPLOYMENT_TARGET = 11.3;
				MTL_ENABLE_DEBUG_INFO = YES;
				ONLY_ACTIVE_ARCH = YES;
				SDKROOT = iphoneos;
				SWIFT_ACTIVE_COMPILATION_CONDITIONS = DEBUG;
				SWIFT_OPTIMIZATION_LEVEL = "-Onone";
			};
			name = Debug;
		};
		BBA766BA20927CE400815BED /* Release */ = {
			isa = XCBuildConfiguration;
			buildSettings = {
				ALWAYS_SEARCH_USER_PATHS = NO;
				CLANG_ANALYZER_NONNULL = YES;
				CLANG_ANALYZER_NUMBER_OBJECT_CONVERSION = YES_AGGRESSIVE;
				CLANG_CXX_LANGUAGE_STANDARD = "gnu++14";
				CLANG_CXX_LIBRARY = "libc++";
				CLANG_ENABLE_MODULES = YES;
				CLANG_ENABLE_OBJC_ARC = YES;
				CLANG_ENABLE_OBJC_WEAK = YES;
				CLANG_WARN_BLOCK_CAPTURE_AUTORELEASING = YES;
				CLANG_WARN_BOOL_CONVERSION = YES;
				CLANG_WARN_COMMA = YES;
				CLANG_WARN_CONSTANT_CONVERSION = YES;
				CLANG_WARN_DEPRECATED_OBJC_IMPLEMENTATIONS = YES;
				CLANG_WARN_DIRECT_OBJC_ISA_USAGE = YES_ERROR;
				CLANG_WARN_DOCUMENTATION_COMMENTS = YES;
				CLANG_WARN_EMPTY_BODY = YES;
				CLANG_WARN_ENUM_CONVERSION = YES;
				CLANG_WARN_INFINITE_RECURSION = YES;
				CLANG_WARN_INT_CONVERSION = YES;
				CLANG_WARN_NON_LITERAL_NULL_CONVERSION = YES;
				CLANG_WARN_OBJC_IMPLICIT_RETAIN_SELF = YES;
				CLANG_WARN_OBJC_LITERAL_CONVERSION = YES;
				CLANG_WARN_OBJC_ROOT_CLASS = YES_ERROR;
				CLANG_WARN_RANGE_LOOP_ANALYSIS = YES;
				CLANG_WARN_STRICT_PROTOTYPES = YES;
				CLANG_WARN_SUSPICIOUS_MOVE = YES;
				CLANG_WARN_UNGUARDED_AVAILABILITY = YES_AGGRESSIVE;
				CLANG_WARN_UNREACHABLE_CODE = YES;
				CLANG_WARN__DUPLICATE_METHOD_MATCH = YES;
				CODE_SIGN_IDENTITY = "iPhone Developer";
				COPY_PHASE_STRIP = NO;
				DEBUG_INFORMATION_FORMAT = "dwarf-with-dsym";
				ENABLE_NS_ASSERTIONS = NO;
				ENABLE_STRICT_OBJC_MSGSEND = YES;
				GCC_C_LANGUAGE_STANDARD = gnu11;
				GCC_NO_COMMON_BLOCKS = YES;
				GCC_WARN_64_TO_32_BIT_CONVERSION = YES;
				GCC_WARN_ABOUT_RETURN_TYPE = YES_ERROR;
				GCC_WARN_UNDECLARED_SELECTOR = YES;
				GCC_WARN_UNINITIALIZED_AUTOS = YES_AGGRESSIVE;
				GCC_WARN_UNUSED_FUNCTION = YES;
				GCC_WARN_UNUSED_VARIABLE = YES;
				IPHONEOS_DEPLOYMENT_TARGET = 11.3;
				MTL_ENABLE_DEBUG_INFO = NO;
				SDKROOT = iphoneos;
				SWIFT_COMPILATION_MODE = wholemodule;
				SWIFT_OPTIMIZATION_LEVEL = "-O";
				VALIDATE_PRODUCT = YES;
			};
			name = Release;
		};
		BBA766BC20927CE400815BED /* Debug */ = {
			isa = XCBuildConfiguration;
			buildSettings = {
				ASSETCATALOG_COMPILER_APPICON_NAME = AppIcon;
				CLANG_ENABLE_MODULES = YES;
				CODE_SIGN_STYLE = Automatic;
				DEVELOPMENT_TEAM = A8NKHWJDUL;
				FRAMEWORK_SEARCH_PATHS = "$(SRCROOT)/..";
				INFOPLIST_FILE = FooConsumer/Info.plist;
				LD_RUNPATH_SEARCH_PATHS = (
					"$(inherited)",
					"@executable_path/Frameworks",
				);
				PRODUCT_BUNDLE_IDENTIFIER = com.noiseandheat.experiment.FooConsumer;
				PRODUCT_NAME = "$(TARGET_NAME)";
				SWIFT_OBJC_BRIDGING_HEADER = "FooConsumer/Frameworks/FooConsumer-Bridging-Header.h";
				SWIFT_OPTIMIZATION_LEVEL = "-Onone";
				SWIFT_VERSION = 4.0;
				TARGETED_DEVICE_FAMILY = "1,2";
			};
			name = Debug;
		};
		BBA766BD20927CE400815BED /* Release */ = {
			isa = XCBuildConfiguration;
			buildSettings = {
				ASSETCATALOG_COMPILER_APPICON_NAME = AppIcon;
				CLANG_ENABLE_MODULES = YES;
				CODE_SIGN_STYLE = Automatic;
				DEVELOPMENT_TEAM = A8NKHWJDUL;
				FRAMEWORK_SEARCH_PATHS = "$(SRCROOT)/..";
				INFOPLIST_FILE = FooConsumer/Info.plist;
				LD_RUNPATH_SEARCH_PATHS = (
					"$(inherited)",
					"@executable_path/Frameworks",
				);
				PRODUCT_BUNDLE_IDENTIFIER = com.noiseandheat.experiment.FooConsumer;
				PRODUCT_NAME = "$(TARGET_NAME)";
				SWIFT_OBJC_BRIDGING_HEADER = "FooConsumer/Frameworks/FooConsumer-Bridging-Header.h";
				SWIFT_VERSION = 4.0;
				TARGETED_DEVICE_FAMILY = "1,2";
			};
			name = Release;
		};
/* End XCBuildConfiguration section */

/* Begin XCConfigurationList section */
		BBA766A420927CE200815BED /* Build configuration list for PBXProject "FooConsumer" */ = {
			isa = XCConfigurationList;
			buildConfigurations = (
				BBA766B920927CE400815BED /* Debug */,
				BBA766BA20927CE400815BED /* Release */,
			);
			defaultConfigurationIsVisible = 0;
			defaultConfigurationName = Release;
		};
		BBA766BB20927CE400815BED /* Build configuration list for PBXNativeTarget "FooConsumer" */ = {
			isa = XCConfigurationList;
			buildConfigurations = (
				BBA766BC20927CE400815BED /* Debug */,
				BBA766BD20927CE400815BED /* Release */,
			);
			defaultConfigurationIsVisible = 0;
			defaultConfigurationName = Release;
		};
/* End XCConfigurationList section */
	};
	rootObject = BBA766A120927CE200815BED /* Project object */;
}
